{
    "_meta": {
        "hash": {
            "sha256": "7443504b1fd9911950ec8c00de11778b73a9c6523388941c466dfee0b551ea26"
        },
        "pipfile-spec": 6,
        "requires": {
            "python_version": "3.8"
        },
        "sources": [
            {
                "name": "pypi",
                "url": "https://pypi.org/simple",
                "verify_ssl": true
            }
        ]
    },
    "default": {
        "numpy": {
            "hashes": [
                "sha256:032be656d89bbf786d743fee11d01ef318b0781281241997558fa7950028dd29",
                "sha256:104f5e90b143dbf298361a99ac1af4cf59131218a045ebf4ee5990b83cff5fab",
                "sha256:125a0e10ddd99a874fd357bfa1b636cd58deb78ba4a30b5ddb09f645c3512e04",
                "sha256:12e4ba5c6420917571f1a5becc9338abbde71dd811ce40b37ba62dec7b39af6d",
                "sha256:13adf545732bb23a796914fe5f891a12bd74cf3d2986eed7b7eba2941eea1590",
                "sha256:2d7e27442599104ee08f4faed56bb87c55f8b10a5494ac2ead5c98a4b289e61f",
                "sha256:3bc63486a870294683980d76ec1e3efc786295ae00128f9ea38e2c6e74d5a60a",
                "sha256:3d3087e24e354c18fb35c454026af3ed8997cfd4997765266897c68d724e4845",
                "sha256:4ed8e96dc146e12c1c5cdd6fb9fd0757f2ba66048bf94c5126b7efebd12d0090",
                "sha256:60759ab15c94dd0e1ed88241fd4fa3312db4e91d2c8f5a2d4cf3863fad83d65b",
                "sha256:65410c7f4398a0047eea5cca9b74009ea61178efd78d1be9847fac1d6716ec1e",
                "sha256:66b467adfcf628f66ea4ac6430ded0614f5cc06ba530d09571ea404789064adc",
                "sha256:7199109fa46277be503393be9250b983f325880766f847885607d9b13848f257",
                "sha256:72251e43ac426ff98ea802a931922c79b8d7596480300eb9f1b1e45e0543571e",
                "sha256:89e5336f2bec0c726ac7e7cdae181b325a9c0ee24e604704ed830d241c5e47ff",
                "sha256:89f937b13b8dd17b0099c7c2e22066883c86ca1575a975f754babc8fbf8d69a9",
                "sha256:9c94cab5054bad82a70b2e77741271790304651d584e2cdfe2041488e753863b",
                "sha256:9eb551d122fadca7774b97db8a112b77231dcccda8e91a5bc99e79890797175e",
                "sha256:a1d7995d1023335e67fb070b2fae6f5968f5be3802b15ad6d79d81ecaa014fe0",
                "sha256:ae61f02b84a0211abb56462a3b6cd1e7ec39d466d3160eb4e1da8bf6717cdbeb",
                "sha256:b9410c0b6fed4a22554f072a86c361e417f0258838957b78bd063bde2c7f841f",
                "sha256:c26287dfc888cf1e65181f39ea75e11f42ffc4f4529e5bd19add57ad458996e2",
                "sha256:c91ec9569facd4757ade0888371eced2ecf49e7982ce5634cc2cf4e7331a4b14",
                "sha256:ecb5b74c702358cdc21268ff4c37f7466357871f53a30e6f84c686952bef16a9"
            ],
            "index": "pypi",
            "version": "==1.20.1"
        },
        "opencv-contrib-python": {
            "hashes": [
                "sha256:1034b252b3d7ec5d07bf85f3a5f91fe6d3172dedaf7c4c3474848c6204d0f0f1",
                "sha256:11167768a6c643cd6a03158152ee73b62c8d4906e3bde2ed1383099b93ce14df",
                "sha256:11ebe4d5ca0af69744c73d6e28560c48d6cbc65b256574d5d47f24b99923878f",
                "sha256:12aa410897d47cf9bb63fbfd0513a645487982e77b3542ee84133d00d7851691",
                "sha256:24e4a770908daf1718830c6059bbfe7fb4d5ff0dcb1253416cbe17d365889afe",
                "sha256:2871c8c243c1a5217b8727c21fd347ec2ae755e39d52dd268bf8f01515b6e8d1",
                "sha256:28e3562d8421a47d08e388cb19c05df9f055a604009d515ffd118cf1b459560a",
                "sha256:4f38147203216182622844ce9af539af0e3d28ba285904319fb479b0f71943a5",
                "sha256:529a770bad6d01f59eab9065e73af3416492ebeac2d86f69ce603a6e922f021e",
                "sha256:6afc58493e085956e548e3cb748df2b420b5b4d8a37d57f7945d7e54262d7526",
                "sha256:6f577039e42e6255cd2f2a495e0d55b6cd283d677905c974824d575e9dc57b42",
                "sha256:703dc1a1f65aed065d4b5ef31756718f709a5d8fde69c110c0d637121ac3aee9",
                "sha256:74a866acca3fddb4666afa38ecf2cadfa6df319c62e5dc511760acb13caade5b",
                "sha256:74ebf353d7e1666066265922153a0f60fff9e1dd603f5929b13a99415363f078",
                "sha256:83681ee941e4b8b13c7023589b3354f07343b051df9cd668aae78d97bac9fa2e",
                "sha256:8b02e54f591ee0eabfae1f3fe14852821020e04a0c39af8e05a78a426be1a353",
                "sha256:8c9f350ebc8261c7b4a7d61d2cb22b94fb5cad5f1a0a7bf69bcea55886d98c90",
                "sha256:9453fbad079d65b1987a963b3986bd283ff31d2ee04d349a538ba4e383ba0399",
                "sha256:9ae70b05d9fdb61647d0fca7f23c0132eb9e245c5671637bcfbcc85a3efa131b",
                "sha256:9ba6bdb54af0963adb92d7d20ec10b5ec9d319d10ecd3796787b058fccad789b",
                "sha256:aef0e18485250500059d9a08db1f3b8f1a0dda53069a011a5e9c24c01dcb5627",
                "sha256:b16aa1a5fc2fae8faf360667016592b5862489d106052a4aa01458bea775e6d2",
                "sha256:c5a523ce046f4405da8c177c11ee614e815efd8751a8ace545098b5768246628",
                "sha256:e2f058b19a0cdaaee5c09aefa32068d3609f55ea86a37ade48525f8b8d63fad9",
                "sha256:ff62b4f0f4d3431fd13fc1eda0ec6be493ffa5e208f054d5933851987f3fabb6"
            ],
            "index": "pypi",
            "version": "==4.5.1.48"
        }
    },
    "develop": {}
}
